
Microsoft Visual Studio Solution File, Format Version 12.00
# Visual Studio Version 17
VisualStudioVersion = 17.3.32929.385
MinimumVisualStudioVersion = 10.0.40219.1
Project("{FAE04EC0-301F-11D3-BF4B-00C04F79EFBC}") = "Enunciado 4", "Enunciado 4\Enunciado 4.csproj", "{FFDEF219-7F08-4CF5-9337-84D853E2B446}"
EndProject
Global
	GlobalSection(SolutionConfigurationPlatforms) = preSolution
		Debug|Any CPU = Debug|Any CPU
		Release|Any CPU = Release|Any CPU
	EndGlobalSection
	GlobalSection(ProjectConfigurationPlatforms) = postSolution
		{FFDEF219-7F08-4CF5-9337-84D853E2B446}.Debug|Any CPU.ActiveCfg = Debug|Any CPU
		{FFDEF219-7F08-4CF5-9337-84D853E2B446}.Debug|Any CPU.Build.0 = Debug|Any CPU
		{FFDEF219-7F08-4CF5-9337-84D853E2B446}.Release|Any CPU.ActiveCfg = Release|Any CPU
		{FFDEF219-7F08-4CF5-9337-84D853E2B446}.Release|Any CPU.Build.0 = Release|Any CPU
	EndGlobalSection
	GlobalSection(SolutionProperties) = preSolution
		HideSolutionNode = FALSE
	EndGlobalSection
	GlobalSection(ExtensibilityGlobals) = postSolution
		SolutionGuid = {5200965E-429C-445C-90D7-20BA72546176}
	EndGlobalSection
EndGlobal
